
Microsoft Visual Studio Solution File, Format Version 12.00
# Visual Studio Version 16
VisualStudioVersion = 16.0.29306.81
MinimumVisualStudioVersion = 10.0.40219.1
Project("{FAE04EC0-301F-11D3-BF4B-00C04F79EFBC}") = "sinozicSebastianMojProjekt2", "sinozicSebastianMojProjekt2\sinozicSebastianMojProjekt2.csproj", "{EFFCC24A-586D-49BE-8CCA-148053E52215}"
EndProject
Global
	GlobalSection(SolutionConfigurationPlatforms) = preSolution
		Debug|Any CPU = Debug|Any CPU
		Release|Any CPU = Release|Any CPU
	EndGlobalSection
	GlobalSection(ProjectConfigurationPlatforms) = postSolution
		{EFFCC24A-586D-49BE-8CCA-148053E52215}.Debug|Any CPU.ActiveCfg = Debug|Any CPU
		{EFFCC24A-586D-49BE-8CCA-148053E52215}.Debug|Any CPU.Build.0 = Debug|Any CPU
		{EFFCC24A-586D-49BE-8CCA-148053E52215}.Release|Any CPU.ActiveCfg = Release|Any CPU
		{EFFCC24A-586D-49BE-8CCA-148053E52215}.Release|Any CPU.Build.0 = Release|Any CPU
	EndGlobalSection
	GlobalSection(SolutionProperties) = preSolution
		HideSolutionNode = FALSE
	EndGlobalSection
	GlobalSection(ExtensibilityGlobals) = postSolution
		SolutionGuid = {BCBBDBEE-3697-40BD-AF09-FE71DAD59F1C}
	EndGlobalSection
EndGlobal
