
Microsoft Visual Studio Solution File, Format Version 12.00
# Visual Studio Version 16
VisualStudioVersion = 16.0.29306.81
MinimumVisualStudioVersion = 10.0.40219.1
Project("{FAE04EC0-301F-11D3-BF4B-00C04F79EFBC}") = "sinozicSebastianMojaPrvaAplikacija1", "sinozicSebastianMojaPrvaAplikacija1\sinozicSebastianMojaPrvaAplikacija1.csproj", "{A1E8371C-745D-4064-BC94-9847A0F50340}"
EndProject
Global
	GlobalSection(SolutionConfigurationPlatforms) = preSolution
		Debug|Any CPU = Debug|Any CPU
		Release|Any CPU = Release|Any CPU
	EndGlobalSection
	GlobalSection(ProjectConfigurationPlatforms) = postSolution
		{A1E8371C-745D-4064-BC94-9847A0F50340}.Debug|Any CPU.ActiveCfg = Debug|Any CPU
		{A1E8371C-745D-4064-BC94-9847A0F50340}.Debug|Any CPU.Build.0 = Debug|Any CPU
		{A1E8371C-745D-4064-BC94-9847A0F50340}.Release|Any CPU.ActiveCfg = Release|Any CPU
		{A1E8371C-745D-4064-BC94-9847A0F50340}.Release|Any CPU.Build.0 = Release|Any CPU
	EndGlobalSection
	GlobalSection(SolutionProperties) = preSolution
		HideSolutionNode = FALSE
	EndGlobalSection
	GlobalSection(ExtensibilityGlobals) = postSolution
		SolutionGuid = {0E69052D-9E31-45A5-B9BC-92F970D4BF9D}
	EndGlobalSection
EndGlobal
